
Microsoft Visual Studio Solution File, Format Version 12.00
# Visual Studio 15
Project("{F2A71F9B-5D33-465A-A702-920D77279786}") = "Fabulous.XamarinNative", "..\src\Fabulous.XamarinNative\Fabulous.XamarinNative.fsproj", "{CFF38367-B762-4807-8E8B-F70207D8BE3B}"
EndProject
Project("{2150E333-8FDC-42A3-9474-1A3956D46DE8}") = "Library", "Library", "{AF334946-5EEE-43BD-A93C-AED1A7BF2057}"
EndProject
Project("{2150E333-8FDC-42A3-9474-1A3956D46DE8}") = "Demos", "Demos", "{90B43E6E-BB85-44D7-AAEF-CC75E13CFC76}"
EndProject
Project("{F2A71F9B-5D33-465A-A702-920D77279786}") = "Fabulous.XamarinNative.iOS", "..\src\Fabulous.XamarinNative.iOS\Fabulous.XamarinNative.iOS.fsproj", "{500D2C97-C5CA-4E74-B03D-656D043BFB68}"
EndProject
Project("{2150E333-8FDC-42A3-9474-1A3956D46DE8}") = "MultiPageApp", "MultiPageApp", "{66DD3F38-E146-416E-AAF7-3A116A8D449B}"
EndProject
Project("{2150E333-8FDC-42A3-9474-1A3956D46DE8}") = "CounterApp", "CounterApp", "{96740EA6-3259-4765-95B6-E01FB021BFF6}"
EndProject
Project("{F2A71F9B-5D33-465A-A702-920D77279786}") = "CounterApp", "CounterApp\CounterApp\CounterApp.fsproj", "{BC1048C4-DCFB-4B5E-BF71-F3AD131BD07F}"
EndProject
Project("{FAE04EC0-301F-11D3-BF4B-00C04F79EFBC}") = "CounterApp.iOS", "CounterApp\CounterApp.iOS\CounterApp.iOS.csproj", "{EBA3B31E-5C8F-45DE-B088-7EB9BFE0B838}"
EndProject
Project("{F2A71F9B-5D33-465A-A702-920D77279786}") = "Fabulous.XamarinNative.Droid", "..\src\Fabulous.XamarinNative.Droid\Fabulous.XamarinNative.Droid.fsproj", "{691032F5-DA5F-43FF-AC06-7841B8D3CFF5}"
EndProject
Project("{FAE04EC0-301F-11D3-BF4B-00C04F79EFBC}") = "CounterApp.Droid", "CounterApp\CounterApp.Droid\CounterApp.Droid.csproj", "{C3978BD4-C728-4539-9889-60462C1BA3EE}"
EndProject
Project("{F2A71F9B-5D33-465A-A702-920D77279786}") = "MultiPageApp", "MultiPageApp\MultiPageApp\MultiPageApp.fsproj", "{907E76C0-D441-4D60-B390-0D0EDBB66034}"
EndProject
Project("{FAE04EC0-301F-11D3-BF4B-00C04F79EFBC}") = "MultiPageApp.Droid", "MultiPageApp\MultiPageApp.Droid\MultiPageApp.Droid.csproj", "{B0419BAF-BD1D-4E08-A216-34BF8CC3201F}"
EndProject
Project("{FAE04EC0-301F-11D3-BF4B-00C04F79EFBC}") = "MultiPageApp.iOS", "MultiPageApp\MultiPageApp.iOS\MultiPageApp.iOS.csproj", "{94E5993C-EC20-4A6F-B276-4B6D7CEC9BA0}"
EndProject
Global
	GlobalSection(SolutionConfigurationPlatforms) = preSolution
		Debug|iPhoneSimulator = Debug|iPhoneSimulator
		Release|iPhoneSimulator = Release|iPhoneSimulator
		Debug|iPhone = Debug|iPhone
		Release|iPhone = Release|iPhone
	EndGlobalSection
	GlobalSection(ProjectConfigurationPlatforms) = postSolution
		{CFF38367-B762-4807-8E8B-F70207D8BE3B}.Debug|iPhoneSimulator.ActiveCfg = Debug|Any CPU
		{CFF38367-B762-4807-8E8B-F70207D8BE3B}.Debug|iPhoneSimulator.Build.0 = Debug|Any CPU
		{CFF38367-B762-4807-8E8B-F70207D8BE3B}.Release|iPhoneSimulator.ActiveCfg = Release|Any CPU
		{CFF38367-B762-4807-8E8B-F70207D8BE3B}.Release|iPhoneSimulator.Build.0 = Release|Any CPU
		{CFF38367-B762-4807-8E8B-F70207D8BE3B}.Debug|iPhone.ActiveCfg = Debug|Any CPU
		{CFF38367-B762-4807-8E8B-F70207D8BE3B}.Debug|iPhone.Build.0 = Debug|Any CPU
		{CFF38367-B762-4807-8E8B-F70207D8BE3B}.Release|iPhone.ActiveCfg = Release|Any CPU
		{CFF38367-B762-4807-8E8B-F70207D8BE3B}.Release|iPhone.Build.0 = Release|Any CPU
		{500D2C97-C5CA-4E74-B03D-656D043BFB68}.Debug|iPhoneSimulator.ActiveCfg = Debug|Any CPU
		{500D2C97-C5CA-4E74-B03D-656D043BFB68}.Debug|iPhoneSimulator.Build.0 = Debug|Any CPU
		{500D2C97-C5CA-4E74-B03D-656D043BFB68}.Release|iPhoneSimulator.ActiveCfg = Release|Any CPU
		{500D2C97-C5CA-4E74-B03D-656D043BFB68}.Release|iPhoneSimulator.Build.0 = Release|Any CPU
		{500D2C97-C5CA-4E74-B03D-656D043BFB68}.Debug|iPhone.ActiveCfg = Debug|Any CPU
		{500D2C97-C5CA-4E74-B03D-656D043BFB68}.Debug|iPhone.Build.0 = Debug|Any CPU
		{500D2C97-C5CA-4E74-B03D-656D043BFB68}.Release|iPhone.ActiveCfg = Release|Any CPU
		{500D2C97-C5CA-4E74-B03D-656D043BFB68}.Release|iPhone.Build.0 = Release|Any CPU
		{BC1048C4-DCFB-4B5E-BF71-F3AD131BD07F}.Debug|iPhoneSimulator.ActiveCfg = Debug|Any CPU
		{BC1048C4-DCFB-4B5E-BF71-F3AD131BD07F}.Debug|iPhoneSimulator.Build.0 = Debug|Any CPU
		{BC1048C4-DCFB-4B5E-BF71-F3AD131BD07F}.Release|iPhoneSimulator.ActiveCfg = Release|Any CPU
		{BC1048C4-DCFB-4B5E-BF71-F3AD131BD07F}.Release|iPhoneSimulator.Build.0 = Release|Any CPU
		{BC1048C4-DCFB-4B5E-BF71-F3AD131BD07F}.Debug|iPhone.ActiveCfg = Debug|Any CPU
		{BC1048C4-DCFB-4B5E-BF71-F3AD131BD07F}.Debug|iPhone.Build.0 = Debug|Any CPU
		{BC1048C4-DCFB-4B5E-BF71-F3AD131BD07F}.Release|iPhone.ActiveCfg = Release|Any CPU
		{BC1048C4-DCFB-4B5E-BF71-F3AD131BD07F}.Release|iPhone.Build.0 = Release|Any CPU
		{EBA3B31E-5C8F-45DE-B088-7EB9BFE0B838}.Debug|iPhoneSimulator.ActiveCfg = Debug|iPhoneSimulator
		{EBA3B31E-5C8F-45DE-B088-7EB9BFE0B838}.Debug|iPhoneSimulator.Build.0 = Debug|iPhoneSimulator
		{EBA3B31E-5C8F-45DE-B088-7EB9BFE0B838}.Release|iPhoneSimulator.ActiveCfg = Release|iPhoneSimulator
		{EBA3B31E-5C8F-45DE-B088-7EB9BFE0B838}.Release|iPhoneSimulator.Build.0 = Release|iPhoneSimulator
		{EBA3B31E-5C8F-45DE-B088-7EB9BFE0B838}.Debug|iPhone.ActiveCfg = Debug|iPhone
		{EBA3B31E-5C8F-45DE-B088-7EB9BFE0B838}.Debug|iPhone.Build.0 = Debug|iPhone
		{EBA3B31E-5C8F-45DE-B088-7EB9BFE0B838}.Release|iPhone.ActiveCfg = Release|iPhone
		{EBA3B31E-5C8F-45DE-B088-7EB9BFE0B838}.Release|iPhone.Build.0 = Release|iPhone
		{691032F5-DA5F-43FF-AC06-7841B8D3CFF5}.Debug|iPhoneSimulator.ActiveCfg = Debug|Any CPU
		{691032F5-DA5F-43FF-AC06-7841B8D3CFF5}.Debug|iPhoneSimulator.Build.0 = Debug|Any CPU
		{691032F5-DA5F-43FF-AC06-7841B8D3CFF5}.Release|iPhoneSimulator.ActiveCfg = Release|Any CPU
		{691032F5-DA5F-43FF-AC06-7841B8D3CFF5}.Release|iPhoneSimulator.Build.0 = Release|Any CPU
		{691032F5-DA5F-43FF-AC06-7841B8D3CFF5}.Debug|iPhone.ActiveCfg = Debug|Any CPU
		{691032F5-DA5F-43FF-AC06-7841B8D3CFF5}.Debug|iPhone.Build.0 = Debug|Any CPU
		{691032F5-DA5F-43FF-AC06-7841B8D3CFF5}.Release|iPhone.ActiveCfg = Release|Any CPU
		{691032F5-DA5F-43FF-AC06-7841B8D3CFF5}.Release|iPhone.Build.0 = Release|Any CPU
		{C3978BD4-C728-4539-9889-60462C1BA3EE}.Debug|iPhoneSimulator.ActiveCfg = Debug|Any CPU
		{C3978BD4-C728-4539-9889-60462C1BA3EE}.Debug|iPhoneSimulator.Build.0 = Debug|Any CPU
		{C3978BD4-C728-4539-9889-60462C1BA3EE}.Release|iPhoneSimulator.ActiveCfg = Release|Any CPU
		{C3978BD4-C728-4539-9889-60462C1BA3EE}.Release|iPhoneSimulator.Build.0 = Release|Any CPU
		{C3978BD4-C728-4539-9889-60462C1BA3EE}.Debug|iPhone.ActiveCfg = Debug|Any CPU
		{C3978BD4-C728-4539-9889-60462C1BA3EE}.Debug|iPhone.Build.0 = Debug|Any CPU
		{C3978BD4-C728-4539-9889-60462C1BA3EE}.Release|iPhone.ActiveCfg = Release|Any CPU
		{C3978BD4-C728-4539-9889-60462C1BA3EE}.Release|iPhone.Build.0 = Release|Any CPU
		{907E76C0-D441-4D60-B390-0D0EDBB66034}.Debug|iPhoneSimulator.ActiveCfg = Debug|Any CPU
		{907E76C0-D441-4D60-B390-0D0EDBB66034}.Debug|iPhoneSimulator.Build.0 = Debug|Any CPU
		{907E76C0-D441-4D60-B390-0D0EDBB66034}.Release|iPhoneSimulator.ActiveCfg = Release|Any CPU
		{907E76C0-D441-4D60-B390-0D0EDBB66034}.Release|iPhoneSimulator.Build.0 = Release|Any CPU
		{907E76C0-D441-4D60-B390-0D0EDBB66034}.Debug|iPhone.ActiveCfg = Debug|Any CPU
		{907E76C0-D441-4D60-B390-0D0EDBB66034}.Debug|iPhone.Build.0 = Debug|Any CPU
		{907E76C0-D441-4D60-B390-0D0EDBB66034}.Release|iPhone.ActiveCfg = Release|Any CPU
		{907E76C0-D441-4D60-B390-0D0EDBB66034}.Release|iPhone.Build.0 = Release|Any CPU
		{B0419BAF-BD1D-4E08-A216-34BF8CC3201F}.Debug|iPhoneSimulator.ActiveCfg = Debug|Any CPU
		{B0419BAF-BD1D-4E08-A216-34BF8CC3201F}.Debug|iPhoneSimulator.Build.0 = Debug|Any CPU
		{B0419BAF-BD1D-4E08-A216-34BF8CC3201F}.Release|iPhoneSimulator.ActiveCfg = Release|Any CPU
		{B0419BAF-BD1D-4E08-A216-34BF8CC3201F}.Release|iPhoneSimulator.Build.0 = Release|Any CPU
		{B0419BAF-BD1D-4E08-A216-34BF8CC3201F}.Debug|iPhone.ActiveCfg = Debug|Any CPU
		{B0419BAF-BD1D-4E08-A216-34BF8CC3201F}.Debug|iPhone.Build.0 = Debug|Any CPU
		{B0419BAF-BD1D-4E08-A216-34BF8CC3201F}.Release|iPhone.ActiveCfg = Release|Any CPU
		{B0419BAF-BD1D-4E08-A216-34BF8CC3201F}.Release|iPhone.Build.0 = Release|Any CPU
		{94E5993C-EC20-4A6F-B276-4B6D7CEC9BA0}.Debug|iPhoneSimulator.ActiveCfg = Debug|iPhoneSimulator
		{94E5993C-EC20-4A6F-B276-4B6D7CEC9BA0}.Debug|iPhoneSimulator.Build.0 = Debug|iPhoneSimulator
		{94E5993C-EC20-4A6F-B276-4B6D7CEC9BA0}.Release|iPhoneSimulator.ActiveCfg = Release|iPhoneSimulator
		{94E5993C-EC20-4A6F-B276-4B6D7CEC9BA0}.Release|iPhoneSimulator.Build.0 = Release|iPhoneSimulator
		{94E5993C-EC20-4A6F-B276-4B6D7CEC9BA0}.Debug|iPhone.ActiveCfg = Debug|iPhone
		{94E5993C-EC20-4A6F-B276-4B6D7CEC9BA0}.Debug|iPhone.Build.0 = Debug|iPhone
		{94E5993C-EC20-4A6F-B276-4B6D7CEC9BA0}.Release|iPhone.ActiveCfg = Release|iPhone
		{94E5993C-EC20-4A6F-B276-4B6D7CEC9BA0}.Release|iPhone.Build.0 = Release|iPhone
	EndGlobalSection
	GlobalSection(NestedProjects) = preSolution
		{CFF38367-B762-4807-8E8B-F70207D8BE3B} = {AF334946-5EEE-43BD-A93C-AED1A7BF2057}
		{500D2C97-C5CA-4E74-B03D-656D043BFB68} = {AF334946-5EEE-43BD-A93C-AED1A7BF2057}
		{66DD3F38-E146-416E-AAF7-3A116A8D449B} = {90B43E6E-BB85-44D7-AAEF-CC75E13CFC76}
		{96740EA6-3259-4765-95B6-E01FB021BFF6} = {90B43E6E-BB85-44D7-AAEF-CC75E13CFC76}
		{BC1048C4-DCFB-4B5E-BF71-F3AD131BD07F} = {96740EA6-3259-4765-95B6-E01FB021BFF6}
		{EBA3B31E-5C8F-45DE-B088-7EB9BFE0B838} = {96740EA6-3259-4765-95B6-E01FB021BFF6}
		{691032F5-DA5F-43FF-AC06-7841B8D3CFF5} = {AF334946-5EEE-43BD-A93C-AED1A7BF2057}
		{C3978BD4-C728-4539-9889-60462C1BA3EE} = {96740EA6-3259-4765-95B6-E01FB021BFF6}
		{907E76C0-D441-4D60-B390-0D0EDBB66034} = {66DD3F38-E146-416E-AAF7-3A116A8D449B}
		{B0419BAF-BD1D-4E08-A216-34BF8CC3201F} = {66DD3F38-E146-416E-AAF7-3A116A8D449B}
		{94E5993C-EC20-4A6F-B276-4B6D7CEC9BA0} = {66DD3F38-E146-416E-AAF7-3A116A8D449B}
	EndGlobalSection
EndGlobal
